
Microsoft Visual Studio Solution File, Format Version 12.00
# Visual Studio 14
VisualStudioVersion = 14.0.25420.1
MinimumVisualStudioVersion = 10.0.40219.1
Project("{2150E333-8FDC-42A3-9474-1A3956D46DE8}") = "src", "src", "{6411317E-F3C0-421F-9BB0-E8C24B8845E6}"
EndProject
Project("{2150E333-8FDC-42A3-9474-1A3956D46DE8}") = "Solution Items", "Solution Items", "{40596224-473A-4542-9CBD-1858ECADC24A}"
	ProjectSection(SolutionItems) = preProject
		global.json = global.json
	EndProjectSection
EndProject
Project("{8BB2217D-0F2D-49D1-97BC-3654ED321F3B}") = "paylive", "src\paylive\paylive.xproj", "{4AA69FBF-30F5-40B7-BF70-E6FE104DD0EE}"
EndProject
Global
	GlobalSection(SolutionConfigurationPlatforms) = preSolution
		Debug|Any CPU = Debug|Any CPU
		Release|Any CPU = Release|Any CPU
	EndGlobalSection
	GlobalSection(ProjectConfigurationPlatforms) = postSolution
		{4AA69FBF-30F5-40B7-BF70-E6FE104DD0EE}.Debug|Any CPU.ActiveCfg = Debug|Any CPU
		{4AA69FBF-30F5-40B7-BF70-E6FE104DD0EE}.Debug|Any CPU.Build.0 = Debug|Any CPU
		{4AA69FBF-30F5-40B7-BF70-E6FE104DD0EE}.Release|Any CPU.ActiveCfg = Release|Any CPU
		{4AA69FBF-30F5-40B7-BF70-E6FE104DD0EE}.Release|Any CPU.Build.0 = Release|Any CPU
	EndGlobalSection
	GlobalSection(SolutionProperties) = preSolution
		HideSolutionNode = FALSE
	EndGlobalSection
	GlobalSection(NestedProjects) = preSolution
		{4AA69FBF-30F5-40B7-BF70-E6FE104DD0EE} = {6411317E-F3C0-421F-9BB0-E8C24B8845E6}
	EndGlobalSection
EndGlobal
